// !$*UTF8*$!
{
	archiveVersion = 1;
	classes = {
	};
	objectVersion = 56;
	objects = {

/* Begin PBXBuildFile section */
		AA000100000000000000002A /* WindMeterApp.swift in Sources */ = {isa = PBXBuildFile; fileRef = AA000100000000000000001A /* WindMeterApp.swift */; };
		AA000200000000000000002A /* ContentView.swift in Sources */ = {isa = PBXBuildFile; fileRef = AA000200000000000000001A /* ContentView.swift */; };
		AA000300000000000000002A /* BluetoothManager.swift in Sources */ = {isa = PBXBuildFile; fileRef = AA000300000000000000001A /* BluetoothManager.swift */; };
		AA000400000000000000002A /* WindData.swift in Sources */ = {isa = PBXBuildFile; fileRef = AA000400000000000000001A /* WindData.swift */; };
		AA000500000000000000002A /* DashboardView.swift in Sources */ = {isa = PBXBuildFile; fileRef = AA000500000000000000001A /* DashboardView.swift */; };
		AA000600000000000000002A /* WindCompassView.swift in Sources */ = {isa = PBXBuildFile; fileRef = AA000600000000000000001A /* WindCompassView.swift */; };
		AA000700000000000000002A /* DataTileView.swift in Sources */ = {isa = PBXBuildFile; fileRef = AA000700000000000000001A /* DataTileView.swift */; };
		AA000800000000000000002A /* ScanningView.swift in Sources */ = {isa = PBXBuildFile; fileRef = AA000800000000000000001A /* ScanningView.swift */; };
		AA000A00000000000000002A /* Assets.xcassets in Resources */ = {isa = PBXBuildFile; fileRef = AA000A00000000000000001A /* Assets.xcassets */; };
		AA000C00000000000000002A /* TileConfig.swift in Sources */ = {isa = PBXBuildFile; fileRef = AA000C00000000000000001A /* TileConfig.swift */; };
		AA000D00000000000000002A /* InstrumentTileView.swift in Sources */ = {isa = PBXBuildFile; fileRef = AA000D00000000000000001A /* InstrumentTileView.swift */; };
		AA000E00000000000000002A /* AddTileView.swift in Sources */ = {isa = PBXBuildFile; fileRef = AA000E00000000000000001A /* AddTileView.swift */; };
		AA000F00000000000000002A /* PreStartView.swift in Sources */ = {isa = PBXBuildFile; fileRef = AA000F00000000000000001A /* PreStartView.swift */; };
		AA001000000000000000002A /* RaceAreaView.swift in Sources */ = {isa = PBXBuildFile; fileRef = AA001000000000000000001A /* RaceAreaView.swift */; };
		AA001100000000000000002A /* AnthropicClient.swift in Sources */ = {isa = PBXBuildFile; fileRef = AA001100000000000000001A /* AnthropicClient.swift */; };
/* End PBXBuildFile section */

/* Begin PBXFileReference section */
		AA000100000000000000001A /* WindMeterApp.swift */ = {isa = PBXFileReference; lastKnownFileType = sourcecode.swift; path = WindMeterApp.swift; sourceTree = "<group>"; };
		AA000200000000000000001A /* ContentView.swift */ = {isa = PBXFileReference; lastKnownFileType = sourcecode.swift; path = ContentView.swift; sourceTree = "<group>"; };
		AA000300000000000000001A /* BluetoothManager.swift */ = {isa = PBXFileReference; lastKnownFileType = sourcecode.swift; path = BluetoothManager.swift; sourceTree = "<group>"; };
		AA000400000000000000001A /* WindData.swift */ = {isa = PBXFileReference; lastKnownFileType = sourcecode.swift; path = WindData.swift; sourceTree = "<group>"; };
		AA000500000000000000001A /* DashboardView.swift */ = {isa = PBXFileReference; lastKnownFileType = sourcecode.swift; path = DashboardView.swift; sourceTree = "<group>"; };
		AA000600000000000000001A /* WindCompassView.swift */ = {isa = PBXFileReference; lastKnownFileType = sourcecode.swift; path = WindCompassView.swift; sourceTree = "<group>"; };
		AA000700000000000000001A /* DataTileView.swift */ = {isa = PBXFileReference; lastKnownFileType = sourcecode.swift; path = DataTileView.swift; sourceTree = "<group>"; };
		AA000800000000000000001A /* ScanningView.swift */ = {isa = PBXFileReference; lastKnownFileType = sourcecode.swift; path = ScanningView.swift; sourceTree = "<group>"; };
		AA000900000000000000001A /* Info.plist */ = {isa = PBXFileReference; lastKnownFileType = text.plist.xml; path = Info.plist; sourceTree = "<group>"; };
		AA000A00000000000000001A /* Assets.xcassets */ = {isa = PBXFileReference; lastKnownFileType = folder.assetcatalog; path = Assets.xcassets; sourceTree = "<group>"; };
		AA000B00000000000000001A /* WindMeter.app */ = {isa = PBXFileReference; explicitFileType = wrapper.application; includeInIndex = 0; path = WindMeter.app; sourceTree = BUILT_PRODUCTS_DIR; };
		AA000C00000000000000001A /* TileConfig.swift */ = {isa = PBXFileReference; lastKnownFileType = sourcecode.swift; path = TileConfig.swift; sourceTree = "<group>"; };
		AA000D00000000000000001A /* InstrumentTileView.swift */ = {isa = PBXFileReference; lastKnownFileType = sourcecode.swift; path = InstrumentTileView.swift; sourceTree = "<group>"; };
		AA000E00000000000000001A /* AddTileView.swift */ = {isa = PBXFileReference; lastKnownFileType = sourcecode.swift; path = AddTileView.swift; sourceTree = "<group>"; };
		AA000F00000000000000001A /* PreStartView.swift */ = {isa = PBXFileReference; lastKnownFileType = sourcecode.swift; path = PreStartView.swift; sourceTree = "<group>"; };
		AA001000000000000000001A /* RaceAreaView.swift */ = {isa = PBXFileReference; lastKnownFileType = sourcecode.swift; path = RaceAreaView.swift; sourceTree = "<group>"; };
		AA001100000000000000001A /* AnthropicClient.swift */ = {isa = PBXFileReference; lastKnownFileType = sourcecode.swift; path = AnthropicClient.swift; sourceTree = "<group>"; };
/* End PBXFileReference section */

/* Begin PBXFrameworksBuildPhase section */
		AA000100000000000000004A /* Frameworks */ = {
			isa = PBXFrameworksBuildPhase;
			buildActionMask = 2147483647;
			files = (
			);
			runOnlyForDeploymentPostprocessing = 0;
		};
/* End PBXFrameworksBuildPhase section */

/* Begin PBXGroup section */
		AA000100000000000000003A /* WindMeter */ = {
			isa = PBXGroup;
			children = (
				AA000100000000000000001A /* WindMeterApp.swift */,
				AA000200000000000000001A /* ContentView.swift */,
				AA000300000000000000001A /* BluetoothManager.swift */,
				AA000400000000000000001A /* WindData.swift */,
				AA000500000000000000001A /* DashboardView.swift */,
				AA000600000000000000001A /* WindCompassView.swift */,
				AA000700000000000000001A /* DataTileView.swift */,
				AA000800000000000000001A /* ScanningView.swift */,
				AA000900000000000000001A /* Info.plist */,
				AA000A00000000000000001A /* Assets.xcassets */,
				AA000C00000000000000001A /* TileConfig.swift */,
				AA000D00000000000000001A /* InstrumentTileView.swift */,
				AA000E00000000000000001A /* AddTileView.swift */,
				AA000F00000000000000001A /* PreStartView.swift */,
				AA001000000000000000001A /* RaceAreaView.swift */,
				AA001100000000000000001A /* AnthropicClient.swift */,
			);
			path = WindMeter;
			sourceTree = "<group>";
		};
		AA000200000000000000003A /* Products */ = {
			isa = PBXGroup;
			children = (
				AA000B00000000000000001A /* WindMeter.app */,
			);
			name = Products;
			sourceTree = "<group>";
		};
		AA000300000000000000003A = {
			isa = PBXGroup;
			children = (
				AA000100000000000000003A /* WindMeter */,
				AA000200000000000000003A /* Products */,
			);
			sourceTree = "<group>";
		};
/* End PBXGroup section */

/* Begin PBXNativeTarget section */
		AA000100000000000000007A /* WindMeter */ = {
			isa = PBXNativeTarget;
			buildConfigurationList = AA000200000000000000006A /* Build configuration list for PBXNativeTarget "WindMeter" */;
			buildPhases = (
				AA000200000000000000004A /* Sources */,
				AA000100000000000000004A /* Frameworks */,
				AA000300000000000000004A /* Resources */,
			);
			buildRules = (
			);
			dependencies = (
			);
			name = WindMeter;
			productName = WindMeter;
			productReference = AA000B00000000000000001A /* WindMeter.app */;
			productType = "com.apple.product-type.application";
		};
/* End PBXNativeTarget section */

/* Begin PBXProject section */
		AA000100000000000000008A /* Project object */ = {
			isa = PBXProject;
			attributes = {
				BuildIndependentTargetsInParallel = 1;
				LastSwiftUpdateCheck = 1500;
				LastUpgradeCheck = 1500;
				TargetAttributes = {
					AA000100000000000000007A = {
						CreatedOnToolsVersion = 15.0;
					};
				};
			};
			buildConfigurationList = AA000100000000000000006A /* Build configuration list for PBXProject "WindMeter" */;
			compatibilityVersion = "Xcode 14.0";
			developmentRegion = en;
			hasScannedForEncodings = 0;
			knownRegions = (
				en,
				Base,
			);
			mainGroup = AA000300000000000000003A;
			productRefGroup = AA000200000000000000003A /* Products */;
			projectDirPath = "";
			projectRoot = "";
			targets = (
				AA000100000000000000007A /* WindMeter */,
			);
		};
/* End PBXProject section */

/* Begin PBXResourcesBuildPhase section */
		AA000300000000000000004A /* Resources */ = {
			isa = PBXResourcesBuildPhase;
			buildActionMask = 2147483647;
			files = (
				AA000A00000000000000002A /* Assets.xcassets in Resources */,
			);
			runOnlyForDeploymentPostprocessing = 0;
		};
/* End PBXResourcesBuildPhase section */

/* Begin PBXSourcesBuildPhase section */
		AA000200000000000000004A /* Sources */ = {
			isa = PBXSourcesBuildPhase;
			buildActionMask = 2147483647;
			files = (
				AA000100000000000000002A /* WindMeterApp.swift in Sources */,
				AA000200000000000000002A /* ContentView.swift in Sources */,
				AA000300000000000000002A /* BluetoothManager.swift in Sources */,
				AA000400000000000000002A /* WindData.swift in Sources */,
				AA000500000000000000002A /* DashboardView.swift in Sources */,
				AA000600000000000000002A /* WindCompassView.swift in Sources */,
				AA000700000000000000002A /* DataTileView.swift in Sources */,
				AA000800000000000000002A /* ScanningView.swift in Sources */,
				AA000C00000000000000002A /* TileConfig.swift in Sources */,
				AA000D00000000000000002A /* InstrumentTileView.swift in Sources */,
				AA000E00000000000000002A /* AddTileView.swift in Sources */,
				AA000F00000000000000002A /* PreStartView.swift in Sources */,
				AA001000000000000000002A /* RaceAreaView.swift in Sources */,
				AA001100000000000000002A /* AnthropicClient.swift in Sources */,
			);
			runOnlyForDeploymentPostprocessing = 0;
		};
/* End PBXSourcesBuildPhase section */

/* Begin XCBuildConfiguration section */
		AA000100000000000000005A /* Debug */ = {
			isa = XCBuildConfiguration;
			buildSettings = {
				ALWAYS_SEARCH_USER_PATHS = NO;
				ASSETCATALOG_COMPILER_GENERATE_SWIFT_ASSET_SYMBOL_EXTENSIONS = YES;
				CLANG_ANALYZER_NONNULL = YES;
				CLANG_ANALYZER_NUMBER_OBJECT_CONVERSION = YES_AGGRESSIVE;
				CLANG_CXX_LANGUAGE_STANDARD = "gnu++20";
				CLANG_ENABLE_MODULES = YES;
				CLANG_ENABLE_OBJC_ARC = YES;
				CLANG_ENABLE_OBJC_WEAK = YES;
				CLANG_WARN_BLOCK_CAPTURE_AUTORELEASING = YES;
				CLANG_WARN_BOOL_CONVERSION = YES;
				CLANG_WARN_COMMA = YES;
				CLANG_WARN_CONSTANT_CONVERSION = YES;
				CLANG_WARN_DEPRECATED_OBJC_IMPLEMENTATIONS = YES;
				CLANG_WARN_DIRECT_OBJC_ISA_USAGE = YES_ERROR;
				CLANG_WARN_DOCUMENTATION_COMMENTS = YES;
				CLANG_WARN_EMPTY_BODY = YES;
				CLANG_WARN_ENUM_CONVERSION = YES;
				CLANG_WARN_INFINITE_RECURSION = YES;
				CLANG_WARN_INT_CONVERSION = YES;
				CLANG_WARN_NON_LITERAL_NULL_CONVERSION = YES;
				CLANG_WARN_OBJC_IMPLICIT_RETAIN_SELF = YES;
				CLANG_WARN_OBJC_LITERAL_CONVERSION = YES;
				CLANG_WARN_OBJC_ROOT_CLASS = YES_ERROR;
				CLANG_WARN_QUOTED_INCLUDE_IN_FRAMEWORK_HEADER = YES;
				CLANG_WARN_RANGE_LOOP_ANALYSIS = YES;
				CLANG_WARN_STRICT_PROTOTYPES = YES;
				CLANG_WARN_SUSPICIOUS_MOVE = YES;
				CLANG_WARN_UNGUARDED_AVAILABILITY = YES_AGGRESSIVE;
				CLANG_WARN_UNREACHABLE_CODE = YES;
				CLANG_WARN__DUPLICATE_METHOD_MATCH = YES;
				COPY_PHASE_STRIP = NO;
				DEBUG_INFORMATION_FORMAT = dwarf;
				ENABLE_STRICT_OBJC_MSGSEND = YES;
				ENABLE_TESTABILITY = YES;
				ENABLE_USER_SCRIPT_SANDBOXING = YES;
				GCC_C_LANGUAGE_STANDARD = gnu17;
				GCC_DYNAMIC_NO_PIC = NO;
				GCC_NO_COMMON_BLOCKS = YES;
				GCC_OPTIMIZATION_LEVEL = 0;
				GCC_PREPROCESSOR_DEFINITIONS = (
					"DEBUG=1",
					"$(inherited)",
				);
				GCC_WARN_64_TO_32_BIT_CONVERSION = YES;
				GCC_WARN_ABOUT_RETURN_TYPE = YES_ERROR;
				GCC_WARN_UNDECLARED_SELECTOR = YES;
				GCC_WARN_UNINITIALIZED_AUTOS = YES_AGGRESSIVE;
				GCC_WARN_UNUSED_FUNCTION = YES;
				GCC_WARN_UNUSED_VARIABLE = YES;
				IPHONEOS_DEPLOYMENT_TARGET = 16.0;
				MTL_ENABLE_DEBUG_INFO = INCLUDE_SOURCE;
				MTL_FAST_MATH = YES;
				ONLY_ACTIVE_ARCH = YES;
				SDKROOT = iphoneos;
				SWIFT_ACTIVE_COMPILATION_CONDITIONS = DEBUG;
				SWIFT_OPTIMIZATION_LEVEL = "-Onone";
			};
			name = Debug;
		};
		AA000200000000000000005A /* Release */ = {
			isa = XCBuildConfiguration;
			buildSettings = {
				ALWAYS_SEARCH_USER_PATHS = NO;
				ASSETCATALOG_COMPILER_GENERATE_SWIFT_ASSET_SYMBOL_EXTENSIONS = YES;
				CLANG_ANALYZER_NONNULL = YES;
				CLANG_ANALYZER_NUMBER_OBJECT_CONVERSION = YES_AGGRESSIVE;
				CLANG_CXX_LANGUAGE_STANDARD = "gnu++20";
				CLANG_ENABLE_MODULES = YES;
				CLANG_ENABLE_OBJC_ARC = YES;
				CLANG_ENABLE_OBJC_WEAK = YES;
				CLANG_WARN_BLOCK_CAPTURE_AUTORELEASING = YES;
				CLANG_WARN_BOOL_CONVERSION = YES;
				CLANG_WARN_COMMA = YES;
				CLANG_WARN_CONSTANT_CONVERSION = YES;
				CLANG_WARN_DEPRECATED_OBJC_IMPLEMENTATIONS = YES;
				CLANG_WARN_DIRECT_OBJC_ISA_USAGE = YES_ERROR;
				CLANG_WARN_DOCUMENTATION_COMMENTS = YES;
				CLANG_WARN_EMPTY_BODY = YES;
				CLANG_WARN_ENUM_CONVERSION = YES;
				CLANG_WARN_INFINITE_RECURSION = YES;
				CLANG_WARN_INT_CONVERSION = YES;
				CLANG_WARN_NON_LITERAL_NULL_CONVERSION = YES;
				CLANG_WARN_OBJC_IMPLICIT_RETAIN_SELF = YES;
				CLANG_WARN_OBJC_LITERAL_CONVERSION = YES;
				CLANG_WARN_OBJC_ROOT_CLASS = YES_ERROR;
				CLANG_WARN_QUOTED_INCLUDE_IN_FRAMEWORK_HEADER = YES;
				CLANG_WARN_RANGE_LOOP_ANALYSIS = YES;
				CLANG_WARN_STRICT_PROTOTYPES = YES;
				CLANG_WARN_SUSPICIOUS_MOVE = YES;
				CLANG_WARN_UNGUARDED_AVAILABILITY = YES_AGGRESSIVE;
				CLANG_WARN_UNREACHABLE_CODE = YES;
				CLANG_WARN__DUPLICATE_METHOD_MATCH = YES;
				COPY_PHASE_STRIP = NO;
				DEBUG_INFORMATION_FORMAT = "dwarf-with-dsym";
				ENABLE_NS_ASSERTIONS = NO;
				ENABLE_STRICT_OBJC_MSGSEND = YES;
				ENABLE_USER_SCRIPT_SANDBOXING = YES;
				GCC_C_LANGUAGE_STANDARD = gnu17;
				GCC_NO_COMMON_BLOCKS = YES;
				GCC_WARN_64_TO_32_BIT_CONVERSION = YES;
				GCC_WARN_ABOUT_RETURN_TYPE = YES_ERROR;
				GCC_WARN_UNDECLARED_SELECTOR = YES;
				GCC_WARN_UNINITIALIZED_AUTOS = YES_AGGRESSIVE;
				GCC_WARN_UNUSED_FUNCTION = YES;
				GCC_WARN_UNUSED_VARIABLE = YES;
				IPHONEOS_DEPLOYMENT_TARGET = 16.0;
				MTL_FAST_MATH = YES;
				SDKROOT = iphoneos;
				SWIFT_COMPILATION_MODE = wholemodule;
				VALIDATE_PRODUCT = YES;
			};
			name = Release;
		};
		AA000300000000000000005A /* Debug */ = {
			isa = XCBuildConfiguration;
			buildSettings = {
				ASSETCATALOG_COMPILER_APPICON_NAME = AppIcon;
				ASSETCATALOG_COMPILER_GLOBAL_ACCENT_COLOR_NAME = AccentColor;
				CODE_SIGN_STYLE = Automatic;
				CURRENT_PROJECT_VERSION = 1;
				DEVELOPMENT_ASSET_PATHS = "";
				ENABLE_PREVIEWS = YES;
				GENERATE_INFOPLIST_FILE = NO;
				INFOPLIST_FILE = WindMeter/Info.plist;
				IPHONEOS_DEPLOYMENT_TARGET = 16.0;
				MARKETING_VERSION = 1.0;
				PRODUCT_BUNDLE_IDENTIFIER = com.windmeter.app;
				PRODUCT_NAME = "$(TARGET_NAME)";
				SWIFT_EMIT_LOC_STRINGS = YES;
				SWIFT_VERSION = 5.0;
				TARGETED_DEVICE_FAMILY = 1;
			};
			name = Debug;
		};
		AA000400000000000000005A /* Release */ = {
			isa = XCBuildConfiguration;
			buildSettings = {
				ASSETCATALOG_COMPILER_APPICON_NAME = AppIcon;
				ASSETCATALOG_COMPILER_GLOBAL_ACCENT_COLOR_NAME = AccentColor;
				CODE_SIGN_STYLE = Automatic;
				CURRENT_PROJECT_VERSION = 1;
				DEVELOPMENT_ASSET_PATHS = "";
				ENABLE_PREVIEWS = YES;
				GENERATE_INFOPLIST_FILE = NO;
				INFOPLIST_FILE = WindMeter/Info.plist;
				IPHONEOS_DEPLOYMENT_TARGET = 16.0;
				MARKETING_VERSION = 1.0;
				PRODUCT_BUNDLE_IDENTIFIER = com.windmeter.app;
				PRODUCT_NAME = "$(TARGET_NAME)";
				SWIFT_EMIT_LOC_STRINGS = YES;
				SWIFT_VERSION = 5.0;
				TARGETED_DEVICE_FAMILY = 1;
			};
			name = Release;
		};
/* End XCBuildConfiguration section */

/* Begin XCConfigurationList section */
		AA000100000000000000006A /* Build configuration list for PBXProject "WindMeter" */ = {
			isa = XCConfigurationList;
			buildConfigurations = (
				AA000100000000000000005A /* Debug */,
				AA000200000000000000005A /* Release */,
			);
			defaultConfigurationIsVisible = 0;
			defaultConfigurationName = Release;
		};
		AA000200000000000000006A /* Build configuration list for PBXNativeTarget "WindMeter" */ = {
			isa = XCConfigurationList;
			buildConfigurations = (
				AA000300000000000000005A /* Debug */,
				AA000400000000000000005A /* Release */,
			);
			defaultConfigurationIsVisible = 0;
			defaultConfigurationName = Release;
		};
/* End XCConfigurationList section */

	};
	rootObject = AA000100000000000000008A /* Project object */;
}
